{
    "_readme": [
        "This file locks the dependencies of your project to a known state",
        "Read more about it at https://getcomposer.org/doc/01-basic-usage.md#installing-dependencies",
        "This file is @generated automatically"
    ],
    "content-hash": "96a39b6def10ed4cbfa6c5c1d4b269fb",
    "packages": [
        {
            "name": "phayes/geophp",
            "version": "1.2",
            "source": {
                "type": "git",
                "url": "https://github.com/phayes/geoPHP.git",
                "reference": "015404e85b602e0df1f91441f8db0f9e98f7e567"
            },
            "dist": {
                "type": "zip",
                "url": "https://api.github.com/repos/phayes/geoPHP/zipball/015404e85b602e0df1f91441f8db0f9e98f7e567",
                "reference": "015404e85b602e0df1f91441f8db0f9e98f7e567",
                "shasum": ""
            },
            "require-dev": {
                "phpunit/phpunit": "4.1.*"
            },
            "type": "library",
            "autoload": {
                "classmap": [
                    "geoPHP.inc"
                ]
            },
            "notification-url": "https://packagist.org/downloads/",
            "license": [
                "GPL-2 or New-BSD"
            ],
            "authors": [
                {
                    "name": "Patrick Hayes"
                }
            ],
            "description": "GeoPHP is a open-source native PHP library for doing geometry operations. It is written entirely in PHP and can therefore run on shared hosts. It can read and write a wide variety of formats: WKT (including EWKT), WKB (including EWKB), GeoJSON, KML, GPX, GeoRSS). It works with all Simple-Feature geometries (Point, LineString, Polygon, GeometryCollection etc.) and can be used to get centroids, bounding-boxes, area, and a wide variety of other useful information.",
            "homepage": "https://github.com/phayes/geoPHP",
            "support": {
                "issues": "https://github.com/phayes/geoPHP/issues",
                "source": "https://github.com/phayes/geoPHP/tree/master"
            },
            "time": "2014-12-02T06:11:22+00:00"
        }
    ],
    "packages-dev": [
        {
            "name": "gasparesganga/php-shapefile",
            "version": "v3.4.0",
            "source": {
                "type": "git",
                "url": "https://github.com/gasparesganga/php-shapefile.git",
                "reference": "3c7e4cb80edb40ff184e3971458577a04845f8da"
            },
            "dist": {
                "type": "zip",
                "url": "https://api.github.com/repos/gasparesganga/php-shapefile/zipball/3c7e4cb80edb40ff184e3971458577a04845f8da",
                "reference": "3c7e4cb80edb40ff184e3971458577a04845f8da",
                "shasum": ""
            },
            "require": {
                "php": ">=5.4.0"
            },
            "type": "library",
            "autoload": {
                "psr-4": {
                    "Shapefile\\": "src/Shapefile/"
                }
            },
            "notification-url": "https://packagist.org/downloads/",
            "license": [
                "MIT"
            ],
            "authors": [
                {
                    "name": "Gaspare Sganga",
                    "email": "contact@gasparesganga.com",
                    "homepage": "https://gasparesganga.com/labs/php-shapefile/",
                    "role": "Developer"
                }
            ],
            "description": "PHP library to read and write ESRI Shapefiles, compatible with WKT and GeoJSON",
            "homepage": "https://gasparesganga.com/labs/php-shapefile/",
            "keywords": [
                "ESRI",
                "Shapefile",
                "dbf",
                "geojson",
                "shape",
                "shp",
                "wkt"
            ],
            "support": {
                "issues": "https://github.com/gasparesganga/php-shapefile/issues",
                "source": "https://github.com/gasparesganga/php-shapefile/tree/v3.4.0"
            },
            "time": "2021-01-23T08:10:45+00:00"
        },
        {
            "name": "proj4php/proj4php",
            "version": "2.0.12",
            "source": {
                "type": "git",
                "url": "https://github.com/proj4php/proj4php.git",
                "reference": "d213ea7938ce4ffb062dbf2a119002beb62b5eb5"
            },
            "dist": {
                "type": "zip",
                "url": "https://api.github.com/repos/proj4php/proj4php/zipball/d213ea7938ce4ffb062dbf2a119002beb62b5eb5",
                "reference": "d213ea7938ce4ffb062dbf2a119002beb62b5eb5",
                "shasum": ""
            },
            "require": {
                "php": ">=7.2"
            },
            "require-dev": {
                "phpunit/phpunit": "4.0.*"
            },
            "type": "library",
            "autoload": {
                "psr-4": {
                    "proj4php\\": "src/"
                }
            },
            "notification-url": "https://packagist.org/downloads/",
            "license": [
                "LGPL-2.1"
            ],
            "authors": [
                {
                    "name": "julien2512",
                    "email": "moquet.julien@gmail.com",
                    "homepage": "https://github.com/julien2512",
                    "role": "Developer"
                },
                {
                    "name": "Jason Judge",
                    "email": "jason.judge@academe.co.uk",
                    "homepage": "http://academe.co.uk",
                    "role": "Developer"
                },
                {
                    "name": "Nick Blackwell",
                    "email": "nickblackwell82@gmail.com",
                    "homepage": "https://people.ok.ubc.ca/nblackwe",
                    "role": "Developer"
                }
            ],
            "description": "A PHP-Class for geographic coordinates transformation using proj4 definitions, thanks to a translation from Proj4JS",
            "homepage": "https://github.com/proj4php/proj4php",
            "keywords": [
                "coordinates",
                "geographic",
                "proj4",
                "proj4js"
            ],
            "support": {
                "issues": "https://github.com/proj4php/proj4php/issues",
                "source": "https://github.com/proj4php/proj4php/tree/2.0.12"
            },
            "time": "2020-04-14T20:05:29+00:00"
        }
    ],
    "aliases": [],
    "minimum-stability": "dev",
    "stability-flags": [],
    "prefer-stable": false,
    "prefer-lowest": false,
    "platform": {
        "php": "^7.2|^8.0"
    },
    "platform-dev": [],
    "plugin-api-version": "2.0.0"
}
